uuid: 9042fea8-b28a-470d-9e5c-a93ca78f19b9
langcode: en
status: true
dependencies:
  module:
    - form_tool_return_link
  theme:
    - hdbt_subtheme
id: returnlinkblock
theme: hdbt_subtheme
region: breadcrumb
weight: 0
provider: null
plugin: return_link_block
settings:
  id: return_link_block
  label: 'Return link block'
  label_display: '0'
  provider: form_tool_return_link
visibility: {  }
